# This file was autogenerated by Stack.
# You should not edit this file by hand.
# For more information, please see the documentation at:
#   https://docs.haskellstack.org/en/stable/lock_files

packages:
- completed:
    hackage: haskell-src-exts-1.23.0@sha256:1bb9f7e97d569e56973133cb075fdcc1bfd11f90d94b035b5cf44814bb39a73d,4541
    pantry-tree:
      sha256: 8e5bc885533431db9bf75e9609f6b80b56ab0c289a903d701f8628e78322afd0
      size: 97804
  original:
    hackage: haskell-src-exts-1.23.0
- completed:
    hackage: cpphs-1.18.3@sha256:cd97b4d1026b42cde4e646281f12db333710073d97fd81b645f3023c5a553fd9,2334
    pantry-tree:
      sha256: 2df45df3e7a7305a77994481da9c51b542e17b1382406d8a27e837cf26d02609
      size: 8048
  original:
    hackage: cpphs-1.18.3
- completed:
    hackage: old-locale-1.0.0.7@sha256:fa998be2c7e00cd26a6e9075bea790caaf3932caa3e9497ad69bc20380dd6911,1071
    pantry-tree:
      sha256: 462ef15cb35164d585aa3860f717c9685fbf05578330490860abd544381d2e24
      size: 263
  original:
    hackage: old-locale-1.0.0.7
- completed:
    hackage: old-time-1.1.0.3@sha256:c91fbb3ee73d20ccd015842b30f1f29a304893ebe0ae3128b7bbc13d5bb0d4c8,1328
    pantry-tree:
      sha256: 890bbbdf4175a409efd7c7c9fe153b71680e33bebeb74c9351d7d9d3a59d3d0e
      size: 810
  original:
    hackage: old-time-1.1.0.3
- completed:
    hackage: polyparse-1.13@sha256:7f9bb348169af5c4858ae2cccc7ac4a9d281f0f6a4d477b26f6f2a71cfff3577,2799
    pantry-tree:
      sha256: d8aa64a1e27a12fa5ff64450d6c168be3c21373239415c212712ee97d1e6f9b9
      size: 1776
  original:
    hackage: polyparse-1.13
- completed:
    hackage: text-1.2.5.0@sha256:791f0f6c97ed96113f17ab520cf0efe1a3a4f883a8c85910a5660567c8241c40,7895
    pantry-tree:
      sha256: f41504ec5c04a3f3358ef104362f02fdef29cbce4e5e4e6dbd6b6db70c40d4bf
      size: 7395
  original:
    hackage: text-1.2.5.0
- completed:
    hackage: prettyclass-1.0.0.0@sha256:263553048e05e1aa43532752ec97e5b1cc7f8d77c4bccc96312fb0e48c0598f4,521
    pantry-tree:
      sha256: d471f4f20e74379bb7d81e86dc15de60c0362b13a118e43ba002cf9b7b640ba3
      size: 185
  original:
    hackage: prettyclass-1.0.0.0
- completed:
    hackage: happy-1.20.0@sha256:5d47dc221a9fe964e36aaaa2e1ab7e8f085a225fd6528d6eff310b92360bbe99,5732
    pantry-tree:
      sha256: ff2e7df7cfe8746eedc6f69c225fa8c899c26d28f1c4964eeb00a5d757d30351
      size: 8749
  original:
    hackage: happy-1.20.0
- completed:
    hackage: mtl-2.2.2@sha256:1050fb71acd9f5d67da7d992583f5bd0eb14407b9dc7acc122af1b738b706ca3,2261
    pantry-tree:
      sha256: b8bdc2259e2f943a7252fb164805666fe108ac959d398e0af27b43ba2ebc241c
      size: 1713
  original:
    hackage: mtl-2.2.2
- completed:
    hackage: transformers-0.5.6.0@sha256:0876149d6ec22b313ee8b2e9a34591612d58506465cfbdb4dc07f59d5f05d404,3280
    pantry-tree:
      sha256: 534132e5377f67bfd8b51a534c4ff0ae3fdfcb99f0ffbd2186de14c73b8b135b
      size: 2512
  original:
    hackage: transformers-0.5.6.0
- completed:
    hackage: random-1.2.1.1@sha256:dea1f11e5569332dc6c8efaad1cb301016a5587b6754943a49f9de08ae0e56d9,6541
    pantry-tree:
      sha256: 646ee77fe01178837ee928b61ae8653dcf190e9b5353ebebd094079c77a18b76
      size: 1528
  original:
    hackage: random-1.2.1.1
- completed:
    hackage: splitmix-0.1.0.4@sha256:db25c2e17967aa6b6046ab8b1b96ba3f344ca59a62b60fb6113d51ea305a3d8e,6537
    pantry-tree:
      sha256: d0ee67a1005ff3b666d3edce14e0b1f9ff966de7d090f6340fd436d958293839
      size: 1519
  original:
    hackage: splitmix-0.1.0.4
- completed:
    hackage: lattices-2.1@sha256:61fc5a7e4154dc068e8919e538b1a1f702f28650d07388565ab9e80255815357,3663
    pantry-tree:
      sha256: 39e9fad17c1c14f28c857a2a9fa1fb40b5c12374f4ea50865bbf34db115c95cd
      size: 1915
  original:
    hackage: lattices-2.1
- completed:
    hackage: QuickCheck-2.14.2@sha256:4ce29211223d5e6620ebceba34a3ca9ccf1c10c0cf387d48aea45599222ee5aa,7736
    pantry-tree:
      sha256: 2fe423d0ed7cd64f0f165d708779f48814e66c4f181c568468134af55d86a5f8
      size: 2315
  original:
    hackage: QuickCheck-2.14.2
- completed:
    hackage: base-compat-0.12.2@sha256:85d820a15e3f00f1781ac939cb9cdccdcc6f38c43e4c74a6e83e5d75f67b61a0,6960
    pantry-tree:
      sha256: 67b3f19a22ea6de8aee52eb840225d8cb185c1530366cfe813a32229cf66118f
      size: 9038
  original:
    hackage: base-compat-0.12.2
- completed:
    hackage: hashable-1.4.2.0@sha256:02acedd7ac829b52756fe481a1d53294d8f5d42aaa56df560c62c6cec3587a14,4483
    pantry-tree:
      sha256: 6b315c3489f0d54b2db36720e2d53b15ab07d9a9c256c0fbc5ec529e2adbb8ba
      size: 1248
  original:
    hackage: hashable-1.4.2.0
- completed:
    hackage: integer-logarithms-1.0.3.1@sha256:336fb40c3af19a59dbeb4e5b7bffe4b4c7fa04ab06006a8d4b70b1febc1bb4ca,3262
    pantry-tree:
      sha256: 529f0879fa0dd5621748208df9451b55e5d8edcc22c0e6639666f6196d6636eb
      size: 865
  original:
    hackage: integer-logarithms-1.0.3.1
- completed:
    hackage: semigroupoids-5.3.7@sha256:ac093739682f0dc7a37698b423590dc0f1ca89fed908fbbc5a73a44beefa7d18,7721
    pantry-tree:
      sha256: 210c79c309f5f2837a699c18ffaf795a8c4944c218ca1938475c55a805b3d614
      size: 2404
  original:
    hackage: semigroupoids-5.3.7
- completed:
    hackage: tagged-0.8.6.1@sha256:8a24aef29b8e35447ccc56658ea07c2aded30bfa8130ea057e382936e17c74a6,2874
    pantry-tree:
      sha256: 38c9b55d6918304b17a6c70a51ad9d981e9f64e08121482d9a801d4e4681a7db
      size: 496
  original:
    hackage: tagged-0.8.6.1
- completed:
    hackage: universe-base-1.1.3@sha256:d3ff0ad6abd13ca451ab197ef62bb4aac725d3ddbaba66a3969e33abfb2ecd42,2959
    pantry-tree:
      sha256: 3744c45ff821af423e3eeeb19178ff1be42d7268e8e35ff3345d43fe9f307afa
      size: 466
  original:
    hackage: universe-base-1.1.3
- completed:
    hackage: universe-reverse-instances-1.1.1@sha256:bda5c74a274d06bb7d7d0682f7a2c0755d4b4285e6cdd20d632d9f318410e9d6,1686
    pantry-tree:
      sha256: c7827d98a61d77d63d186fd8a73beebaad39f1a614046183fc3b8a9037885a01
      size: 596
  original:
    hackage: universe-reverse-instances-1.1.1
- completed:
    hackage: unordered-containers-0.2.19.1@sha256:db11042bb0356c0adea277d0794743829125b4c99455af6af2bd5f7bd5e88a39,3797
    pantry-tree:
      sha256: ac7a077274515b8afdf98138177b2fd2293c8bb346c5ec5caf2c5999da495112
      size: 1517
  original:
    hackage: unordered-containers-0.2.19.1
- completed:
    hackage: base-orphans-0.8.7@sha256:58d5514b688ec037f53b9d60097b9d87f6b3847da68f65124987d67222c3a334,3175
    pantry-tree:
      sha256: b2433cf19ebc5696130ecf39a3ed756cdb00fd508423643b0cdd6f125c9803da
      size: 1272
  original:
    hackage: base-orphans-0.8.7
- completed:
    hackage: bifunctors-5.5.14@sha256:958dfda27c94250e96d2e5cc4d0fc6f3a9002d7a2c8289314a1d7eafee40b50f,3933
    pantry-tree:
      sha256: 75827f8dbfd3641f73bfe6a4581b1aa2ff0a56d80a60814b551ff4bb13418c99
      size: 1758
  original:
    hackage: bifunctors-5.5.14
- completed:
    hackage: comonad-5.0.8@sha256:1f1aabd73ec7f80f20cf078a748a60cd48d8e57277802fdf6a9ab3601a9b8f7e,3631
    pantry-tree:
      sha256: 394660fe7fa4127e5a181890bce28b9fcd6eb180ba25aa5566bc8b5bdd385517
      size: 1618
  original:
    hackage: comonad-5.0.8
- completed:
    hackage: contravariant-1.5.5@sha256:470ed0e040e879e2da4af1b2c8f94e199f6135852a8107858d5ae0a95365835f,3041
    pantry-tree:
      sha256: 9eb62fea28548dc8a0f60fd47c12843092b78b24ed771b8ad63a0bb34dba8bc4
      size: 652
  original:
    hackage: contravariant-1.5.5
- completed:
    hackage: data-array-byte-0.1.0.1@sha256:2ef1bd3511e82ba56f7f23cd793dd2da84338a1e7c2cbea5b151417afe3baada,1989
    pantry-tree:
      sha256: 3e2e40055eef1b63c43900296d2584d2911a24ad7016d3d73bd9c73150287212
      size: 326
  original:
    hackage: data-array-byte-0.1.0.1
- completed:
    hackage: distributive-0.6.2.1@sha256:0f99f5541cca04acf89b64432b03422b6408e830a8dff30e6c4334ef1a48680c,2996
    pantry-tree:
      sha256: a42bed5fe0ba295643538312dee6c9436314c05a6f7efdd32b4303979f8bd744
      size: 735
  original:
    hackage: distributive-0.6.2.1
- completed:
    hackage: transformers-compat-0.7.2@sha256:044fb9955f63ee138fcebedfdcbe54afe741f2d5892a2d0bdf3a8052bd342643,5601
    pantry-tree:
      sha256: f49610c6a2faf82111e5d4222576f4afbcfa904bf56665232c5aa077dfc7578f
      size: 1724
  original:
    hackage: transformers-compat-0.7.2
- completed:
    hackage: StateVar-1.2.2@sha256:3c022c00485fe165e3080d5da6b3ca9c9b02f62c5deebc584d1b3d1309ce673e,1673
    pantry-tree:
      sha256: 204cac98219e99334f47b12c565945611748ea03a4d629273dd697d738bcfd7f
      size: 314
  original:
    hackage: StateVar-1.2.2
- completed:
    hackage: indexed-traversable-0.1.2@sha256:52a1b708abd921f91a5977f6ae53c4aa2b33f7c30be0fff17173f658b34c5350,2533
    pantry-tree:
      sha256: 0bedadc62cad982ab85dc4d57ca7cf353b526a46fd203addd9bf8b7cf0136c25
      size: 495
  original:
    hackage: indexed-traversable-0.1.2
- completed:
    hackage: th-abstraction-0.4.5.0@sha256:313f8b3c65781310df66ba86518bcf7662b1b419b601afaf72bb977c255fe6e9,2148
    pantry-tree:
      sha256: b89abb8fbe9ba55a8a06db243218e216c2b6ee139fc01d684212fc97a10a5683
      size: 670
  original:
    hackage: th-abstraction-0.4.5.0
- completed:
    hackage: graph-wrapper-0.2.6.0@sha256:31c2f9c1dca1751c9a8475c437e395af2564f736c131ba45831fb5dd45b1b591,1296
    pantry-tree:
      sha256: ac5327e6f54612213611b0121a9df18ac930c538980f14e9153758afc0e1450c
      size: 421
  original:
    hackage: graph-wrapper-0.2.6.0
snapshots: []
